// !$*UTF8*$!
{
	archiveVersion = 1;
	classes = {
	};
	objectVersion = 56;
	objects = {

/* Begin PBXBuildFile section */
		3EBD64A32CAC238000752448 /* SwiftUIThatDesignApp.swift in Sources */ = {isa = PBXBuildFile; fileRef = 3EBD64A22CAC238000752448 /* SwiftUIThatDesignApp.swift */; };
		3EBD64A52CAC238000752448 /* ContentView.swift in Sources */ = {isa = PBXBuildFile; fileRef = 3EBD64A42CAC238000752448 /* ContentView.swift */; };
		3EBD64A72CAC238100752448 /* Assets.xcassets in Resources */ = {isa = PBXBuildFile; fileRef = 3EBD64A62CAC238100752448 /* Assets.xcassets */; };
		3EBD64AA2CAC238100752448 /* Preview Assets.xcassets in Resources */ = {isa = PBXBuildFile; fileRef = 3EBD64A92CAC238100752448 /* Preview Assets.xcassets */; };
		3EBD64B22CAC23B900752448 /* Round1View1Solution.swift in Sources */ = {isa = PBXBuildFile; fileRef = 3EBD64B12CAC23B900752448 /* Round1View1Solution.swift */; };
		3EBD64B42CAC23F900752448 /* Round1View2Solution.swift in Sources */ = {isa = PBXBuildFile; fileRef = 3EBD64B32CAC23F900752448 /* Round1View2Solution.swift */; };
		3EBD64B72CAC248E00752448 /* Round2Solution.swift in Sources */ = {isa = PBXBuildFile; fileRef = 3EBD64B62CAC248E00752448 /* Round2Solution.swift */; };
		3EBD64BA2CAC269100752448 /* Round2View.swift in Sources */ = {isa = PBXBuildFile; fileRef = 3EBD64B92CAC269100752448 /* Round2View.swift */; };
		3EBD64BC2CAC273200752448 /* Round2HiFi.png in Resources */ = {isa = PBXBuildFile; fileRef = 3EBD64BB2CAC273200752448 /* Round2HiFi.png */; };
		3EBD64C02CAC2B8A00752448 /* Round3Solution.swift in Sources */ = {isa = PBXBuildFile; fileRef = 3EBD64BF2CAC2B8A00752448 /* Round3Solution.swift */; };
		3EBD64C22CAC2DA600752448 /* Round3HiFi.png in Resources */ = {isa = PBXBuildFile; fileRef = 3EBD64C12CAC2DA600752448 /* Round3HiFi.png */; };
		3EBD64C42CAC2DBA00752448 /* Round3View.swift in Sources */ = {isa = PBXBuildFile; fileRef = 3EBD64C32CAC2DBA00752448 /* Round3View.swift */; };
		3EBD64C72CAC2EA200752448 /* Round1View1.swift in Sources */ = {isa = PBXBuildFile; fileRef = 3EBD64C62CAC2EA200752448 /* Round1View1.swift */; };
		3EBD64C92CAC2EFD00752448 /* Round1View1HiFi.png in Resources */ = {isa = PBXBuildFile; fileRef = 3EBD64C82CAC2EFD00752448 /* Round1View1HiFi.png */; };
		3EBD64CB2CAC2F1400752448 /* Round1View2HiFi.png in Resources */ = {isa = PBXBuildFile; fileRef = 3EBD64CA2CAC2F1300752448 /* Round1View2HiFi.png */; };
		3EBD64CD2CAC316100752448 /* Round1View2.swift in Sources */ = {isa = PBXBuildFile; fileRef = 3EBD64CC2CAC316100752448 /* Round1View2.swift */; };
/* End PBXBuildFile section */

/* Begin PBXFileReference section */
		3EBD649F2CAC238000752448 /* SwiftUIThatDesign.app */ = {isa = PBXFileReference; explicitFileType = wrapper.application; includeInIndex = 0; path = SwiftUIThatDesign.app; sourceTree = BUILT_PRODUCTS_DIR; };
		3EBD64A22CAC238000752448 /* SwiftUIThatDesignApp.swift */ = {isa = PBXFileReference; lastKnownFileType = sourcecode.swift; path = SwiftUIThatDesignApp.swift; sourceTree = "<group>"; };
		3EBD64A42CAC238000752448 /* ContentView.swift */ = {isa = PBXFileReference; lastKnownFileType = sourcecode.swift; path = ContentView.swift; sourceTree = "<group>"; };
		3EBD64A62CAC238100752448 /* Assets.xcassets */ = {isa = PBXFileReference; lastKnownFileType = folder.assetcatalog; path = Assets.xcassets; sourceTree = "<group>"; };
		3EBD64A92CAC238100752448 /* Preview Assets.xcassets */ = {isa = PBXFileReference; lastKnownFileType = folder.assetcatalog; path = "Preview Assets.xcassets"; sourceTree = "<group>"; };
		3EBD64B12CAC23B900752448 /* Round1View1Solution.swift */ = {isa = PBXFileReference; lastKnownFileType = sourcecode.swift; path = Round1View1Solution.swift; sourceTree = "<group>"; };
		3EBD64B32CAC23F900752448 /* Round1View2Solution.swift */ = {isa = PBXFileReference; lastKnownFileType = sourcecode.swift; path = Round1View2Solution.swift; sourceTree = "<group>"; };
		3EBD64B62CAC248E00752448 /* Round2Solution.swift */ = {isa = PBXFileReference; lastKnownFileType = sourcecode.swift; path = Round2Solution.swift; sourceTree = "<group>"; };
		3EBD64B92CAC269100752448 /* Round2View.swift */ = {isa = PBXFileReference; lastKnownFileType = sourcecode.swift; path = Round2View.swift; sourceTree = "<group>"; };
		3EBD64BB2CAC273200752448 /* Round2HiFi.png */ = {isa = PBXFileReference; lastKnownFileType = image.png; path = Round2HiFi.png; sourceTree = "<group>"; };
		3EBD64BF2CAC2B8A00752448 /* Round3Solution.swift */ = {isa = PBXFileReference; lastKnownFileType = sourcecode.swift; path = Round3Solution.swift; sourceTree = "<group>"; };
		3EBD64C12CAC2DA600752448 /* Round3HiFi.png */ = {isa = PBXFileReference; lastKnownFileType = image.png; path = Round3HiFi.png; sourceTree = "<group>"; };
		3EBD64C32CAC2DBA00752448 /* Round3View.swift */ = {isa = PBXFileReference; lastKnownFileType = sourcecode.swift; path = Round3View.swift; sourceTree = "<group>"; };
		3EBD64C62CAC2EA200752448 /* Round1View1.swift */ = {isa = PBXFileReference; lastKnownFileType = sourcecode.swift; path = Round1View1.swift; sourceTree = "<group>"; };
		3EBD64C82CAC2EFD00752448 /* Round1View1HiFi.png */ = {isa = PBXFileReference; lastKnownFileType = image.png; path = Round1View1HiFi.png; sourceTree = "<group>"; };
		3EBD64CA2CAC2F1300752448 /* Round1View2HiFi.png */ = {isa = PBXFileReference; lastKnownFileType = image.png; path = Round1View2HiFi.png; sourceTree = "<group>"; };
		3EBD64CC2CAC316100752448 /* Round1View2.swift */ = {isa = PBXFileReference; lastKnownFileType = sourcecode.swift; path = Round1View2.swift; sourceTree = "<group>"; };
/* End PBXFileReference section */

/* Begin PBXFrameworksBuildPhase section */
		3EBD649C2CAC238000752448 /* Frameworks */ = {
			isa = PBXFrameworksBuildPhase;
			buildActionMask = 2147483647;
			files = (
			);
			runOnlyForDeploymentPostprocessing = 0;
		};
/* End PBXFrameworksBuildPhase section */

/* Begin PBXGroup section */
		3EBD64962CAC238000752448 = {
			isa = PBXGroup;
			children = (
				3EBD64A12CAC238000752448 /* SwiftUIThatDesign */,
				3EBD64A02CAC238000752448 /* Products */,
			);
			sourceTree = "<group>";
		};
		3EBD64A02CAC238000752448 /* Products */ = {
			isa = PBXGroup;
			children = (
				3EBD649F2CAC238000752448 /* SwiftUIThatDesign.app */,
			);
			name = Products;
			sourceTree = "<group>";
		};
		3EBD64A12CAC238000752448 /* SwiftUIThatDesign */ = {
			isa = PBXGroup;
			children = (
				3EBD64B02CAC239900752448 /* Round 1 */,
				3EBD64B52CAC244A00752448 /* Round 2 */,
				3EBD64BD2CAC2B4B00752448 /* Round 3 */,
				3EBD64A22CAC238000752448 /* SwiftUIThatDesignApp.swift */,
				3EBD64A42CAC238000752448 /* ContentView.swift */,
				3EBD64A62CAC238100752448 /* Assets.xcassets */,
				3EBD64A82CAC238100752448 /* Preview Content */,
			);
			path = SwiftUIThatDesign;
			sourceTree = "<group>";
		};
		3EBD64A82CAC238100752448 /* Preview Content */ = {
			isa = PBXGroup;
			children = (
				3EBD64A92CAC238100752448 /* Preview Assets.xcassets */,
			);
			path = "Preview Content";
			sourceTree = "<group>";
		};
		3EBD64B02CAC239900752448 /* Round 1 */ = {
			isa = PBXGroup;
			children = (
				3EBD64C82CAC2EFD00752448 /* Round1View1HiFi.png */,
				3EBD64C62CAC2EA200752448 /* Round1View1.swift */,
				3EBD64CA2CAC2F1300752448 /* Round1View2HiFi.png */,
				3EBD64CC2CAC316100752448 /* Round1View2.swift */,
				3EBD64C52CAC2E4E00752448 /* Solutions */,
			);
			path = "Round 1";
			sourceTree = "<group>";
		};
		3EBD64B52CAC244A00752448 /* Round 2 */ = {
			isa = PBXGroup;
			children = (
				3EBD64BB2CAC273200752448 /* Round2HiFi.png */,
				3EBD64B92CAC269100752448 /* Round2View.swift */,
				3EBD64B82CAC268600752448 /* Solution */,
			);
			path = "Round 2";
			sourceTree = "<group>";
		};
		3EBD64B82CAC268600752448 /* Solution */ = {
			isa = PBXGroup;
			children = (
				3EBD64B62CAC248E00752448 /* Round2Solution.swift */,
			);
			path = Solution;
			sourceTree = "<group>";
		};
		3EBD64BD2CAC2B4B00752448 /* Round 3 */ = {
			isa = PBXGroup;
			children = (
				3EBD64C12CAC2DA600752448 /* Round3HiFi.png */,
				3EBD64C32CAC2DBA00752448 /* Round3View.swift */,
				3EBD64BE2CAC2B5400752448 /* Solution */,
			);
			path = "Round 3";
			sourceTree = "<group>";
		};
		3EBD64BE2CAC2B5400752448 /* Solution */ = {
			isa = PBXGroup;
			children = (
				3EBD64BF2CAC2B8A00752448 /* Round3Solution.swift */,
			);
			path = Solution;
			sourceTree = "<group>";
		};
		3EBD64C52CAC2E4E00752448 /* Solutions */ = {
			isa = PBXGroup;
			children = (
				3EBD64B12CAC23B900752448 /* Round1View1Solution.swift */,
				3EBD64B32CAC23F900752448 /* Round1View2Solution.swift */,
			);
			path = Solutions;
			sourceTree = "<group>";
		};
/* End PBXGroup section */

/* Begin PBXNativeTarget section */
		3EBD649E2CAC238000752448 /* SwiftUIThatDesign */ = {
			isa = PBXNativeTarget;
			buildConfigurationList = 3EBD64AD2CAC238100752448 /* Build configuration list for PBXNativeTarget "SwiftUIThatDesign" */;
			buildPhases = (
				3EBD649B2CAC238000752448 /* Sources */,
				3EBD649C2CAC238000752448 /* Frameworks */,
				3EBD649D2CAC238000752448 /* Resources */,
			);
			buildRules = (
			);
			dependencies = (
			);
			name = SwiftUIThatDesign;
			productName = SwiftUIThatDesign;
			productReference = 3EBD649F2CAC238000752448 /* SwiftUIThatDesign.app */;
			productType = "com.apple.product-type.application";
		};
/* End PBXNativeTarget section */

/* Begin PBXProject section */
		3EBD64972CAC238000752448 /* Project object */ = {
			isa = PBXProject;
			attributes = {
				BuildIndependentTargetsInParallel = 1;
				LastSwiftUpdateCheck = 1540;
				LastUpgradeCheck = 1540;
				TargetAttributes = {
					3EBD649E2CAC238000752448 = {
						CreatedOnToolsVersion = 15.4;
					};
				};
			};
			buildConfigurationList = 3EBD649A2CAC238000752448 /* Build configuration list for PBXProject "SwiftUIThatDesign" */;
			compatibilityVersion = "Xcode 14.0";
			developmentRegion = en;
			hasScannedForEncodings = 0;
			knownRegions = (
				en,
				Base,
			);
			mainGroup = 3EBD64962CAC238000752448;
			productRefGroup = 3EBD64A02CAC238000752448 /* Products */;
			projectDirPath = "";
			projectRoot = "";
			targets = (
				3EBD649E2CAC238000752448 /* SwiftUIThatDesign */,
			);
		};
/* End PBXProject section */

/* Begin PBXResourcesBuildPhase section */
		3EBD649D2CAC238000752448 /* Resources */ = {
			isa = PBXResourcesBuildPhase;
			buildActionMask = 2147483647;
			files = (
				3EBD64C22CAC2DA600752448 /* Round3HiFi.png in Resources */,
				3EBD64AA2CAC238100752448 /* Preview Assets.xcassets in Resources */,
				3EBD64CB2CAC2F1400752448 /* Round1View2HiFi.png in Resources */,
				3EBD64A72CAC238100752448 /* Assets.xcassets in Resources */,
				3EBD64BC2CAC273200752448 /* Round2HiFi.png in Resources */,
				3EBD64C92CAC2EFD00752448 /* Round1View1HiFi.png in Resources */,
			);
			runOnlyForDeploymentPostprocessing = 0;
		};
/* End PBXResourcesBuildPhase section */

/* Begin PBXSourcesBuildPhase section */
		3EBD649B2CAC238000752448 /* Sources */ = {
			isa = PBXSourcesBuildPhase;
			buildActionMask = 2147483647;
			files = (
				3EBD64CD2CAC316100752448 /* Round1View2.swift in Sources */,
				3EBD64A52CAC238000752448 /* ContentView.swift in Sources */,
				3EBD64C42CAC2DBA00752448 /* Round3View.swift in Sources */,
				3EBD64C02CAC2B8A00752448 /* Round3Solution.swift in Sources */,
				3EBD64B22CAC23B900752448 /* Round1View1Solution.swift in Sources */,
				3EBD64B42CAC23F900752448 /* Round1View2Solution.swift in Sources */,
				3EBD64A32CAC238000752448 /* SwiftUIThatDesignApp.swift in Sources */,
				3EBD64BA2CAC269100752448 /* Round2View.swift in Sources */,
				3EBD64B72CAC248E00752448 /* Round2Solution.swift in Sources */,
				3EBD64C72CAC2EA200752448 /* Round1View1.swift in Sources */,
			);
			runOnlyForDeploymentPostprocessing = 0;
		};
/* End PBXSourcesBuildPhase section */

/* Begin XCBuildConfiguration section */
		3EBD64AB2CAC238100752448 /* Debug */ = {
			isa = XCBuildConfiguration;
			buildSettings = {
				ALWAYS_SEARCH_USER_PATHS = NO;
				ASSETCATALOG_COMPILER_GENERATE_SWIFT_ASSET_SYMBOL_EXTENSIONS = YES;
				CLANG_ANALYZER_NONNULL = YES;
				CLANG_ANALYZER_NUMBER_OBJECT_CONVERSION = YES_AGGRESSIVE;
				CLANG_CXX_LANGUAGE_STANDARD = "gnu++20";
				CLANG_ENABLE_MODULES = YES;
				CLANG_ENABLE_OBJC_ARC = YES;
				CLANG_ENABLE_OBJC_WEAK = YES;
				CLANG_WARN_BLOCK_CAPTURE_AUTORELEASING = YES;
				CLANG_WARN_BOOL_CONVERSION = YES;
				CLANG_WARN_COMMA = YES;
				CLANG_WARN_CONSTANT_CONVERSION = YES;
				CLANG_WARN_DEPRECATED_OBJC_IMPLEMENTATIONS = YES;
				CLANG_WARN_DIRECT_OBJC_ISA_USAGE = YES_ERROR;
				CLANG_WARN_DOCUMENTATION_COMMENTS = YES;
				CLANG_WARN_EMPTY_BODY = YES;
				CLANG_WARN_ENUM_CONVERSION = YES;
				CLANG_WARN_INFINITE_RECURSION = YES;
				CLANG_WARN_INT_CONVERSION = YES;
				CLANG_WARN_NON_LITERAL_NULL_CONVERSION = YES;
				CLANG_WARN_OBJC_IMPLICIT_RETAIN_SELF = YES;
				CLANG_WARN_OBJC_LITERAL_CONVERSION = YES;
				CLANG_WARN_OBJC_ROOT_CLASS = YES_ERROR;
				CLANG_WARN_QUOTED_INCLUDE_IN_FRAMEWORK_HEADER = YES;
				CLANG_WARN_RANGE_LOOP_ANALYSIS = YES;
				CLANG_WARN_STRICT_PROTOTYPES = YES;
				CLANG_WARN_SUSPICIOUS_MOVE = YES;
				CLANG_WARN_UNGUARDED_AVAILABILITY = YES_AGGRESSIVE;
				CLANG_WARN_UNREACHABLE_CODE = YES;
				CLANG_WARN__DUPLICATE_METHOD_MATCH = YES;
				COPY_PHASE_STRIP = NO;
				DEBUG_INFORMATION_FORMAT = dwarf;
				ENABLE_STRICT_OBJC_MSGSEND = YES;
				ENABLE_TESTABILITY = YES;
				ENABLE_USER_SCRIPT_SANDBOXING = YES;
				GCC_C_LANGUAGE_STANDARD = gnu17;
				GCC_DYNAMIC_NO_PIC = NO;
				GCC_NO_COMMON_BLOCKS = YES;
				GCC_OPTIMIZATION_LEVEL = 0;
				GCC_PREPROCESSOR_DEFINITIONS = (
					"DEBUG=1",
					"$(inherited)",
				);
				GCC_WARN_64_TO_32_BIT_CONVERSION = YES;
				GCC_WARN_ABOUT_RETURN_TYPE = YES_ERROR;
				GCC_WARN_UNDECLARED_SELECTOR = YES;
				GCC_WARN_UNINITIALIZED_AUTOS = YES_AGGRESSIVE;
				GCC_WARN_UNUSED_FUNCTION = YES;
				GCC_WARN_UNUSED_VARIABLE = YES;
				IPHONEOS_DEPLOYMENT_TARGET = 17.5;
				LOCALIZATION_PREFERS_STRING_CATALOGS = YES;
				MTL_ENABLE_DEBUG_INFO = INCLUDE_SOURCE;
				MTL_FAST_MATH = YES;
				ONLY_ACTIVE_ARCH = YES;
				SDKROOT = iphoneos;
				SWIFT_ACTIVE_COMPILATION_CONDITIONS = "DEBUG $(inherited)";
				SWIFT_OPTIMIZATION_LEVEL = "-Onone";
			};
			name = Debug;
		};
		3EBD64AC2CAC238100752448 /* Release */ = {
			isa = XCBuildConfiguration;
			buildSettings = {
				ALWAYS_SEARCH_USER_PATHS = NO;
				ASSETCATALOG_COMPILER_GENERATE_SWIFT_ASSET_SYMBOL_EXTENSIONS = YES;
				CLANG_ANALYZER_NONNULL = YES;
				CLANG_ANALYZER_NUMBER_OBJECT_CONVERSION = YES_AGGRESSIVE;
				CLANG_CXX_LANGUAGE_STANDARD = "gnu++20";
				CLANG_ENABLE_MODULES = YES;
				CLANG_ENABLE_OBJC_ARC = YES;
				CLANG_ENABLE_OBJC_WEAK = YES;
				CLANG_WARN_BLOCK_CAPTURE_AUTORELEASING = YES;
				CLANG_WARN_BOOL_CONVERSION = YES;
				CLANG_WARN_COMMA = YES;
				CLANG_WARN_CONSTANT_CONVERSION = YES;
				CLANG_WARN_DEPRECATED_OBJC_IMPLEMENTATIONS = YES;
				CLANG_WARN_DIRECT_OBJC_ISA_USAGE = YES_ERROR;
				CLANG_WARN_DOCUMENTATION_COMMENTS = YES;
				CLANG_WARN_EMPTY_BODY = YES;
				CLANG_WARN_ENUM_CONVERSION = YES;
				CLANG_WARN_INFINITE_RECURSION = YES;
				CLANG_WARN_INT_CONVERSION = YES;
				CLANG_WARN_NON_LITERAL_NULL_CONVERSION = YES;
				CLANG_WARN_OBJC_IMPLICIT_RETAIN_SELF = YES;
				CLANG_WARN_OBJC_LITERAL_CONVERSION = YES;
				CLANG_WARN_OBJC_ROOT_CLASS = YES_ERROR;
				CLANG_WARN_QUOTED_INCLUDE_IN_FRAMEWORK_HEADER = YES;
				CLANG_WARN_RANGE_LOOP_ANALYSIS = YES;
				CLANG_WARN_STRICT_PROTOTYPES = YES;
				CLANG_WARN_SUSPICIOUS_MOVE = YES;
				CLANG_WARN_UNGUARDED_AVAILABILITY = YES_AGGRESSIVE;
				CLANG_WARN_UNREACHABLE_CODE = YES;
				CLANG_WARN__DUPLICATE_METHOD_MATCH = YES;
				COPY_PHASE_STRIP = NO;
				DEBUG_INFORMATION_FORMAT = "dwarf-with-dsym";
				ENABLE_NS_ASSERTIONS = NO;
				ENABLE_STRICT_OBJC_MSGSEND = YES;
				ENABLE_USER_SCRIPT_SANDBOXING = YES;
				GCC_C_LANGUAGE_STANDARD = gnu17;
				GCC_NO_COMMON_BLOCKS = YES;
				GCC_WARN_64_TO_32_BIT_CONVERSION = YES;
				GCC_WARN_ABOUT_RETURN_TYPE = YES_ERROR;
				GCC_WARN_UNDECLARED_SELECTOR = YES;
				GCC_WARN_UNINITIALIZED_AUTOS = YES_AGGRESSIVE;
				GCC_WARN_UNUSED_FUNCTION = YES;
				GCC_WARN_UNUSED_VARIABLE = YES;
				IPHONEOS_DEPLOYMENT_TARGET = 17.5;
				LOCALIZATION_PREFERS_STRING_CATALOGS = YES;
				MTL_ENABLE_DEBUG_INFO = NO;
				MTL_FAST_MATH = YES;
				SDKROOT = iphoneos;
				SWIFT_COMPILATION_MODE = wholemodule;
				VALIDATE_PRODUCT = YES;
			};
			name = Release;
		};
		3EBD64AE2CAC238100752448 /* Debug */ = {
			isa = XCBuildConfiguration;
			buildSettings = {
				ASSETCATALOG_COMPILER_APPICON_NAME = AppIcon;
				ASSETCATALOG_COMPILER_GLOBAL_ACCENT_COLOR_NAME = AccentColor;
				CODE_SIGN_STYLE = Automatic;
				CURRENT_PROJECT_VERSION = 1;
				DEVELOPMENT_ASSET_PATHS = "\"SwiftUIThatDesign/Preview Content\"";
				DEVELOPMENT_TEAM = G7N636Y3VC;
				ENABLE_PREVIEWS = YES;
				GENERATE_INFOPLIST_FILE = YES;
				INFOPLIST_KEY_UIApplicationSceneManifest_Generation = YES;
				INFOPLIST_KEY_UIApplicationSupportsIndirectInputEvents = YES;
				INFOPLIST_KEY_UILaunchScreen_Generation = YES;
				INFOPLIST_KEY_UISupportedInterfaceOrientations_iPad = "UIInterfaceOrientationPortrait UIInterfaceOrientationPortraitUpsideDown UIInterfaceOrientationLandscapeLeft UIInterfaceOrientationLandscapeRight";
				INFOPLIST_KEY_UISupportedInterfaceOrientations_iPhone = "UIInterfaceOrientationPortrait UIInterfaceOrientationLandscapeLeft UIInterfaceOrientationLandscapeRight";
				LD_RUNPATH_SEARCH_PATHS = (
					"$(inherited)",
					"@executable_path/Frameworks",
				);
				MARKETING_VERSION = 1.0;
				PRODUCT_BUNDLE_IDENTIFIER = com.msu.academy.SwiftUIThatDesign;
				PRODUCT_NAME = "$(TARGET_NAME)";
				SWIFT_EMIT_LOC_STRINGS = YES;
				SWIFT_VERSION = 5.0;
				TARGETED_DEVICE_FAMILY = "1,2";
			};
			name = Debug;
		};
		3EBD64AF2CAC238100752448 /* Release */ = {
			isa = XCBuildConfiguration;
			buildSettings = {
				ASSETCATALOG_COMPILER_APPICON_NAME = AppIcon;
				ASSETCATALOG_COMPILER_GLOBAL_ACCENT_COLOR_NAME = AccentColor;
				CODE_SIGN_STYLE = Automatic;
				CURRENT_PROJECT_VERSION = 1;
				DEVELOPMENT_ASSET_PATHS = "\"SwiftUIThatDesign/Preview Content\"";
				DEVELOPMENT_TEAM = G7N636Y3VC;
				ENABLE_PREVIEWS = YES;
				GENERATE_INFOPLIST_FILE = YES;
				INFOPLIST_KEY_UIApplicationSceneManifest_Generation = YES;
				INFOPLIST_KEY_UIApplicationSupportsIndirectInputEvents = YES;
				INFOPLIST_KEY_UILaunchScreen_Generation = YES;
				INFOPLIST_KEY_UISupportedInterfaceOrientations_iPad = "UIInterfaceOrientationPortrait UIInterfaceOrientationPortraitUpsideDown UIInterfaceOrientationLandscapeLeft UIInterfaceOrientationLandscapeRight";
				INFOPLIST_KEY_UISupportedInterfaceOrientations_iPhone = "UIInterfaceOrientationPortrait UIInterfaceOrientationLandscapeLeft UIInterfaceOrientationLandscapeRight";
				LD_RUNPATH_SEARCH_PATHS = (
					"$(inherited)",
					"@executable_path/Frameworks",
				);
				MARKETING_VERSION = 1.0;
				PRODUCT_BUNDLE_IDENTIFIER = com.msu.academy.SwiftUIThatDesign;
				PRODUCT_NAME = "$(TARGET_NAME)";
				SWIFT_EMIT_LOC_STRINGS = YES;
				SWIFT_VERSION = 5.0;
				TARGETED_DEVICE_FAMILY = "1,2";
			};
			name = Release;
		};
/* End XCBuildConfiguration section */

/* Begin XCConfigurationList section */
		3EBD649A2CAC238000752448 /* Build configuration list for PBXProject "SwiftUIThatDesign" */ = {
			isa = XCConfigurationList;
			buildConfigurations = (
				3EBD64AB2CAC238100752448 /* Debug */,
				3EBD64AC2CAC238100752448 /* Release */,
			);
			defaultConfigurationIsVisible = 0;
			defaultConfigurationName = Release;
		};
		3EBD64AD2CAC238100752448 /* Build configuration list for PBXNativeTarget "SwiftUIThatDesign" */ = {
			isa = XCConfigurationList;
			buildConfigurations = (
				3EBD64AE2CAC238100752448 /* Debug */,
				3EBD64AF2CAC238100752448 /* Release */,
			);
			defaultConfigurationIsVisible = 0;
			defaultConfigurationName = Release;
		};
/* End XCConfigurationList section */
	};
	rootObject = 3EBD64972CAC238000752448 /* Project object */;
}
